
Microsoft Visual Studio Solution File, Format Version 12.00
# Visual Studio Version 16
VisualStudioVersion = 16.0.30406.217
MinimumVisualStudioVersion = 10.0.40219.1
Project("{FAE04EC0-301F-11D3-BF4B-00C04F79EFBC}") = "MultiClip.Server", "MultiClip.Server\MultiClip.Server.csproj", "{6DA643C6-E46F-4713-87A1-8DB62EB66C9A}"
EndProject
Project("{FAE04EC0-301F-11D3-BF4B-00C04F79EFBC}") = "MultiClip", "MultiClip\MultiClip.csproj", "{C1CE4AD5-CB3A-4BCC-A379-9A9515BE86DB}"
EndProject
Global
	GlobalSection(SolutionConfigurationPlatforms) = preSolution
		Debug|Any CPU = Debug|Any CPU
		Release|Any CPU = Release|Any CPU
	EndGlobalSection
	GlobalSection(ProjectConfigurationPlatforms) = postSolution
		{6DA643C6-E46F-4713-87A1-8DB62EB66C9A}.Debug|Any CPU.ActiveCfg = Debug|Any CPU
		{6DA643C6-E46F-4713-87A1-8DB62EB66C9A}.Debug|Any CPU.Build.0 = Debug|Any CPU
		{6DA643C6-E46F-4713-87A1-8DB62EB66C9A}.Release|Any CPU.ActiveCfg = Release|Any CPU
		{6DA643C6-E46F-4713-87A1-8DB62EB66C9A}.Release|Any CPU.Build.0 = Release|Any CPU
		{C1CE4AD5-CB3A-4BCC-A379-9A9515BE86DB}.Debug|Any CPU.ActiveCfg = Debug|Any CPU
		{C1CE4AD5-CB3A-4BCC-A379-9A9515BE86DB}.Debug|Any CPU.Build.0 = Debug|Any CPU
		{C1CE4AD5-CB3A-4BCC-A379-9A9515BE86DB}.Release|Any CPU.ActiveCfg = Release|Any CPU
		{C1CE4AD5-CB3A-4BCC-A379-9A9515BE86DB}.Release|Any CPU.Build.0 = Release|Any CPU
	EndGlobalSection
	GlobalSection(SolutionProperties) = preSolution
		HideSolutionNode = FALSE
	EndGlobalSection
	GlobalSection(ExtensibilityGlobals) = postSolution
		SolutionGuid = {4655BF5A-14F8-4E24-9F4A-8DBCD697DFE9}
	EndGlobalSection
EndGlobal
